
Microsoft Visual Studio Solution File, Format Version 12.00
# Visual Studio 15
VisualStudioVersion = 15.0.27428.2043
MinimumVisualStudioVersion = 10.0.40219.1
Project("{FAE04EC0-301F-11D3-BF4B-00C04F79EFBC}") = "TaskManager", "TaskManager\TaskManager.csproj", "{03DD65C7-B2F3-45DD-A2BF-2EAD421B7F2B}"
EndProject
Project("{FAE04EC0-301F-11D3-BF4B-00C04F79EFBC}") = "TaskManager.Tests", "TaskManager.Tests\TaskManager.Tests.csproj", "{EA0D8E45-C023-4C4A-B9FA-A3CA0E5B929A}"
EndProject
Global
	GlobalSection(SolutionConfigurationPlatforms) = preSolution
		Debug|Any CPU = Debug|Any CPU
		Release|Any CPU = Release|Any CPU
	EndGlobalSection
	GlobalSection(ProjectConfigurationPlatforms) = postSolution
		{03DD65C7-B2F3-45DD-A2BF-2EAD421B7F2B}.Debug|Any CPU.ActiveCfg = Debug|Any CPU
		{03DD65C7-B2F3-45DD-A2BF-2EAD421B7F2B}.Debug|Any CPU.Build.0 = Debug|Any CPU
		{03DD65C7-B2F3-45DD-A2BF-2EAD421B7F2B}.Release|Any CPU.ActiveCfg = Release|Any CPU
		{03DD65C7-B2F3-45DD-A2BF-2EAD421B7F2B}.Release|Any CPU.Build.0 = Release|Any CPU
		{EA0D8E45-C023-4C4A-B9FA-A3CA0E5B929A}.Debug|Any CPU.ActiveCfg = Debug|Any CPU
		{EA0D8E45-C023-4C4A-B9FA-A3CA0E5B929A}.Debug|Any CPU.Build.0 = Debug|Any CPU
		{EA0D8E45-C023-4C4A-B9FA-A3CA0E5B929A}.Release|Any CPU.ActiveCfg = Release|Any CPU
		{EA0D8E45-C023-4C4A-B9FA-A3CA0E5B929A}.Release|Any CPU.Build.0 = Release|Any CPU
	EndGlobalSection
	GlobalSection(SolutionProperties) = preSolution
		HideSolutionNode = FALSE
	EndGlobalSection
	GlobalSection(ExtensibilityGlobals) = postSolution
		SolutionGuid = {B65773E3-0E0F-44BC-A05A-1D43B63A00FB}
	EndGlobalSection
EndGlobal
